
Microsoft Visual Studio Solution File, Format Version 12.00
# Visual Studio Version 17
VisualStudioVersion = 17.2.32616.157
MinimumVisualStudioVersion = 10.0.40219.1
Project("{9A19103F-16F7-4668-BE54-9A1E7A4F7556}") = "Test", "Test\Test.csproj", "{862CA91B-1035-49C0-B36B-FC88E28B862D}"
EndProject
Project("{9A19103F-16F7-4668-BE54-9A1E7A4F7556}") = "Test1", "Test1\Test1.csproj", "{58AA0F10-8EC0-4A3D-96A3-DFA413923CE8}"
EndProject
Project("{9A19103F-16F7-4668-BE54-9A1E7A4F7556}") = "Constructors", "Constructors\Constructors.csproj", "{BCB69500-13AC-4129-AA3A-C13C0FA4B98D}"
EndProject
Project("{9A19103F-16F7-4668-BE54-9A1E7A4F7556}") = "Ref_Out", "Ref_Out\Ref_Out.csproj", "{954D16D7-AAD7-4FD0-BDBE-AB6634EB611D}"
EndProject
Project("{9A19103F-16F7-4668-BE54-9A1E7A4F7556}") = "Params", "Params\Params.csproj", "{37CD0D5B-97DC-4BD5-9CBF-0CAA784239DB}"
EndProject
Project("{9A19103F-16F7-4668-BE54-9A1E7A4F7556}") = "ReadOnly_Fields", "ReadOnly_Fields\ReadOnly_Fields.csproj", "{57FBD079-B0B5-4A72-A3B1-C4FB96066DB9}"
EndProject
Project("{9A19103F-16F7-4668-BE54-9A1E7A4F7556}") = "Get_set", "Get_set\Get_set.csproj", "{18FFB897-76B1-42A7-8A44-D17BD8A8C95B}"
EndProject
Project("{9A19103F-16F7-4668-BE54-9A1E7A4F7556}") = "Exercise1_1", "Exercise1_1\Exercise1_1.csproj", "{D43FAB81-8C39-4BBC-8B8B-C55E35BE97F0}"
EndProject
Project("{9A19103F-16F7-4668-BE54-9A1E7A4F7556}") = "Exercise1_2", "Exercise1_2\Exercise1_2.csproj", "{6922D0F1-7615-4E86-83C8-F30EACE57C00}"
EndProject
Project("{9A19103F-16F7-4668-BE54-9A1E7A4F7556}") = "AccessModifier_1", "AccessModifier_1\AccessModifier_1.csproj", "{A59718C2-9D93-472A-8BCD-8C798272D420}"
EndProject
Project("{9A19103F-16F7-4668-BE54-9A1E7A4F7556}") = "AccessModifier_2", "AccessModifier_2\AccessModifier_2.csproj", "{EAAA09B2-E7CF-4EDB-9E0B-C9B94A904451}"
EndProject
Project("{9A19103F-16F7-4668-BE54-9A1E7A4F7556}") = "Casting", "Casting\Casting.csproj", "{3A69F99C-18D2-4525-9CBC-4C0CCBBB9BE4}"
EndProject
Project("{9A19103F-16F7-4668-BE54-9A1E7A4F7556}") = "Exercise_4", "Exercise_4\Exercise_4.csproj", "{66319ACA-6A43-4163-9283-01DFB93B5C20}"
EndProject
Project("{9A19103F-16F7-4668-BE54-9A1E7A4F7556}") = "Exercise_5", "Exercise_5\Exercise_5.csproj", "{A70FD9E7-CC62-4854-95CA-B71860A38C56}"
EndProject
Project("{9A19103F-16F7-4668-BE54-9A1E7A4F7556}") = "Exercise5_2", "Exercise5_2\Exercise5_2.csproj", "{F0678757-50A7-4B31-B93C-490B17472039}"
EndProject
Project("{9A19103F-16F7-4668-BE54-9A1E7A4F7556}") = "RefOut", "RefOut\RefOut.csproj", "{A475D5D6-8B66-4D1D-9C13-1D3B4F5D2009}"
EndProject
Project("{9A19103F-16F7-4668-BE54-9A1E7A4F7556}") = "Interface_Polymorphism", "Interface_Polymorphism\Interface_Polymorphism.csproj", "{9C31B81D-4D2A-4145-A538-AC1409EACA80}"
EndProject
Project("{9A19103F-16F7-4668-BE54-9A1E7A4F7556}") = "Exercise_6", "Exercise_6\Exercise_6.csproj", "{0C863B84-1A92-4E9E-A51E-B1F84E6A7AD7}"
EndProject
Project("{FAE04EC0-301F-11D3-BF4B-00C04F79EFBC}") = "Abstract", "Abstract\Abstract.csproj", "{A4B0075F-4714-48DE-899C-8D5145426981}"
EndProject
Global
	GlobalSection(SolutionConfigurationPlatforms) = preSolution
		Debug|Any CPU = Debug|Any CPU
		Release|Any CPU = Release|Any CPU
	EndGlobalSection
	GlobalSection(ProjectConfigurationPlatforms) = postSolution
		{862CA91B-1035-49C0-B36B-FC88E28B862D}.Debug|Any CPU.ActiveCfg = Debug|Any CPU
		{862CA91B-1035-49C0-B36B-FC88E28B862D}.Debug|Any CPU.Build.0 = Debug|Any CPU
		{862CA91B-1035-49C0-B36B-FC88E28B862D}.Release|Any CPU.ActiveCfg = Release|Any CPU
		{862CA91B-1035-49C0-B36B-FC88E28B862D}.Release|Any CPU.Build.0 = Release|Any CPU
		{58AA0F10-8EC0-4A3D-96A3-DFA413923CE8}.Debug|Any CPU.ActiveCfg = Debug|Any CPU
		{58AA0F10-8EC0-4A3D-96A3-DFA413923CE8}.Debug|Any CPU.Build.0 = Debug|Any CPU
		{58AA0F10-8EC0-4A3D-96A3-DFA413923CE8}.Release|Any CPU.ActiveCfg = Release|Any CPU
		{58AA0F10-8EC0-4A3D-96A3-DFA413923CE8}.Release|Any CPU.Build.0 = Release|Any CPU
		{BCB69500-13AC-4129-AA3A-C13C0FA4B98D}.Debug|Any CPU.ActiveCfg = Debug|Any CPU
		{BCB69500-13AC-4129-AA3A-C13C0FA4B98D}.Debug|Any CPU.Build.0 = Debug|Any CPU
		{BCB69500-13AC-4129-AA3A-C13C0FA4B98D}.Release|Any CPU.ActiveCfg = Release|Any CPU
		{BCB69500-13AC-4129-AA3A-C13C0FA4B98D}.Release|Any CPU.Build.0 = Release|Any CPU
		{954D16D7-AAD7-4FD0-BDBE-AB6634EB611D}.Debug|Any CPU.ActiveCfg = Debug|Any CPU
		{954D16D7-AAD7-4FD0-BDBE-AB6634EB611D}.Debug|Any CPU.Build.0 = Debug|Any CPU
		{954D16D7-AAD7-4FD0-BDBE-AB6634EB611D}.Release|Any CPU.ActiveCfg = Release|Any CPU
		{954D16D7-AAD7-4FD0-BDBE-AB6634EB611D}.Release|Any CPU.Build.0 = Release|Any CPU
		{37CD0D5B-97DC-4BD5-9CBF-0CAA784239DB}.Debug|Any CPU.ActiveCfg = Debug|Any CPU
		{37CD0D5B-97DC-4BD5-9CBF-0CAA784239DB}.Debug|Any CPU.Build.0 = Debug|Any CPU
		{37CD0D5B-97DC-4BD5-9CBF-0CAA784239DB}.Release|Any CPU.ActiveCfg = Release|Any CPU
		{37CD0D5B-97DC-4BD5-9CBF-0CAA784239DB}.Release|Any CPU.Build.0 = Release|Any CPU
		{57FBD079-B0B5-4A72-A3B1-C4FB96066DB9}.Debug|Any CPU.ActiveCfg = Debug|Any CPU
		{57FBD079-B0B5-4A72-A3B1-C4FB96066DB9}.Debug|Any CPU.Build.0 = Debug|Any CPU
		{57FBD079-B0B5-4A72-A3B1-C4FB96066DB9}.Release|Any CPU.ActiveCfg = Release|Any CPU
		{57FBD079-B0B5-4A72-A3B1-C4FB96066DB9}.Release|Any CPU.Build.0 = Release|Any CPU
		{18FFB897-76B1-42A7-8A44-D17BD8A8C95B}.Debug|Any CPU.ActiveCfg = Debug|Any CPU
		{18FFB897-76B1-42A7-8A44-D17BD8A8C95B}.Debug|Any CPU.Build.0 = Debug|Any CPU
		{18FFB897-76B1-42A7-8A44-D17BD8A8C95B}.Release|Any CPU.ActiveCfg = Release|Any CPU
		{18FFB897-76B1-42A7-8A44-D17BD8A8C95B}.Release|Any CPU.Build.0 = Release|Any CPU
		{D43FAB81-8C39-4BBC-8B8B-C55E35BE97F0}.Debug|Any CPU.ActiveCfg = Debug|Any CPU
		{D43FAB81-8C39-4BBC-8B8B-C55E35BE97F0}.Debug|Any CPU.Build.0 = Debug|Any CPU
		{D43FAB81-8C39-4BBC-8B8B-C55E35BE97F0}.Release|Any CPU.ActiveCfg = Release|Any CPU
		{D43FAB81-8C39-4BBC-8B8B-C55E35BE97F0}.Release|Any CPU.Build.0 = Release|Any CPU
		{6922D0F1-7615-4E86-83C8-F30EACE57C00}.Debug|Any CPU.ActiveCfg = Debug|Any CPU
		{6922D0F1-7615-4E86-83C8-F30EACE57C00}.Debug|Any CPU.Build.0 = Debug|Any CPU
		{6922D0F1-7615-4E86-83C8-F30EACE57C00}.Release|Any CPU.ActiveCfg = Release|Any CPU
		{6922D0F1-7615-4E86-83C8-F30EACE57C00}.Release|Any CPU.Build.0 = Release|Any CPU
		{A59718C2-9D93-472A-8BCD-8C798272D420}.Debug|Any CPU.ActiveCfg = Debug|Any CPU
		{A59718C2-9D93-472A-8BCD-8C798272D420}.Debug|Any CPU.Build.0 = Debug|Any CPU
		{A59718C2-9D93-472A-8BCD-8C798272D420}.Release|Any CPU.ActiveCfg = Release|Any CPU
		{A59718C2-9D93-472A-8BCD-8C798272D420}.Release|Any CPU.Build.0 = Release|Any CPU
		{EAAA09B2-E7CF-4EDB-9E0B-C9B94A904451}.Debug|Any CPU.ActiveCfg = Debug|Any CPU
		{EAAA09B2-E7CF-4EDB-9E0B-C9B94A904451}.Debug|Any CPU.Build.0 = Debug|Any CPU
		{EAAA09B2-E7CF-4EDB-9E0B-C9B94A904451}.Release|Any CPU.ActiveCfg = Release|Any CPU
		{EAAA09B2-E7CF-4EDB-9E0B-C9B94A904451}.Release|Any CPU.Build.0 = Release|Any CPU
		{3A69F99C-18D2-4525-9CBC-4C0CCBBB9BE4}.Debug|Any CPU.ActiveCfg = Debug|Any CPU
		{3A69F99C-18D2-4525-9CBC-4C0CCBBB9BE4}.Debug|Any CPU.Build.0 = Debug|Any CPU
		{3A69F99C-18D2-4525-9CBC-4C0CCBBB9BE4}.Release|Any CPU.ActiveCfg = Release|Any CPU
		{3A69F99C-18D2-4525-9CBC-4C0CCBBB9BE4}.Release|Any CPU.Build.0 = Release|Any CPU
		{66319ACA-6A43-4163-9283-01DFB93B5C20}.Debug|Any CPU.ActiveCfg = Debug|Any CPU
		{66319ACA-6A43-4163-9283-01DFB93B5C20}.Debug|Any CPU.Build.0 = Debug|Any CPU
		{66319ACA-6A43-4163-9283-01DFB93B5C20}.Release|Any CPU.ActiveCfg = Release|Any CPU
		{66319ACA-6A43-4163-9283-01DFB93B5C20}.Release|Any CPU.Build.0 = Release|Any CPU
		{A70FD9E7-CC62-4854-95CA-B71860A38C56}.Debug|Any CPU.ActiveCfg = Debug|Any CPU
		{A70FD9E7-CC62-4854-95CA-B71860A38C56}.Debug|Any CPU.Build.0 = Debug|Any CPU
		{A70FD9E7-CC62-4854-95CA-B71860A38C56}.Release|Any CPU.ActiveCfg = Release|Any CPU
		{A70FD9E7-CC62-4854-95CA-B71860A38C56}.Release|Any CPU.Build.0 = Release|Any CPU
		{F0678757-50A7-4B31-B93C-490B17472039}.Debug|Any CPU.ActiveCfg = Debug|Any CPU
		{F0678757-50A7-4B31-B93C-490B17472039}.Debug|Any CPU.Build.0 = Debug|Any CPU
		{F0678757-50A7-4B31-B93C-490B17472039}.Release|Any CPU.ActiveCfg = Release|Any CPU
		{F0678757-50A7-4B31-B93C-490B17472039}.Release|Any CPU.Build.0 = Release|Any CPU
		{A475D5D6-8B66-4D1D-9C13-1D3B4F5D2009}.Debug|Any CPU.ActiveCfg = Debug|Any CPU
		{A475D5D6-8B66-4D1D-9C13-1D3B4F5D2009}.Debug|Any CPU.Build.0 = Debug|Any CPU
		{A475D5D6-8B66-4D1D-9C13-1D3B4F5D2009}.Release|Any CPU.ActiveCfg = Release|Any CPU
		{A475D5D6-8B66-4D1D-9C13-1D3B4F5D2009}.Release|Any CPU.Build.0 = Release|Any CPU
		{9C31B81D-4D2A-4145-A538-AC1409EACA80}.Debug|Any CPU.ActiveCfg = Debug|Any CPU
		{9C31B81D-4D2A-4145-A538-AC1409EACA80}.Debug|Any CPU.Build.0 = Debug|Any CPU
		{9C31B81D-4D2A-4145-A538-AC1409EACA80}.Release|Any CPU.ActiveCfg = Release|Any CPU
		{9C31B81D-4D2A-4145-A538-AC1409EACA80}.Release|Any CPU.Build.0 = Release|Any CPU
		{0C863B84-1A92-4E9E-A51E-B1F84E6A7AD7}.Debug|Any CPU.ActiveCfg = Debug|Any CPU
		{0C863B84-1A92-4E9E-A51E-B1F84E6A7AD7}.Debug|Any CPU.Build.0 = Debug|Any CPU
		{0C863B84-1A92-4E9E-A51E-B1F84E6A7AD7}.Release|Any CPU.ActiveCfg = Release|Any CPU
		{0C863B84-1A92-4E9E-A51E-B1F84E6A7AD7}.Release|Any CPU.Build.0 = Release|Any CPU
		{A4B0075F-4714-48DE-899C-8D5145426981}.Debug|Any CPU.ActiveCfg = Debug|Any CPU
		{A4B0075F-4714-48DE-899C-8D5145426981}.Debug|Any CPU.Build.0 = Debug|Any CPU
		{A4B0075F-4714-48DE-899C-8D5145426981}.Release|Any CPU.ActiveCfg = Release|Any CPU
		{A4B0075F-4714-48DE-899C-8D5145426981}.Release|Any CPU.Build.0 = Release|Any CPU
	EndGlobalSection
	GlobalSection(SolutionProperties) = preSolution
		HideSolutionNode = FALSE
	EndGlobalSection
	GlobalSection(ExtensibilityGlobals) = postSolution
		SolutionGuid = {058E7D46-1EEE-44A8-A070-713F34B973EF}
	EndGlobalSection
EndGlobal
